
Microsoft Visual Studio Solution File, Format Version 12.00
# Visual Studio Version 17
VisualStudioVersion = 17.11.35327.3
MinimumVisualStudioVersion = 10.0.40219.1
Project("{FAE04EC0-301F-11D3-BF4B-00C04F79EFBC}") = "calc2", "calc2\calc2.csproj", "{5628B67F-DAD5-479F-8F24-72189B9F77CC}"
EndProject
Global
	GlobalSection(SolutionConfigurationPlatforms) = preSolution
		Debug|Any CPU = Debug|Any CPU
		Release|Any CPU = Release|Any CPU
	EndGlobalSection
	GlobalSection(ProjectConfigurationPlatforms) = postSolution
		{5628B67F-DAD5-479F-8F24-72189B9F77CC}.Debug|Any CPU.ActiveCfg = Debug|Any CPU
		{5628B67F-DAD5-479F-8F24-72189B9F77CC}.Debug|Any CPU.Build.0 = Debug|Any CPU
		{5628B67F-DAD5-479F-8F24-72189B9F77CC}.Release|Any CPU.ActiveCfg = Release|Any CPU
		{5628B67F-DAD5-479F-8F24-72189B9F77CC}.Release|Any CPU.Build.0 = Release|Any CPU
	EndGlobalSection
	GlobalSection(SolutionProperties) = preSolution
		HideSolutionNode = FALSE
	EndGlobalSection
	GlobalSection(ExtensibilityGlobals) = postSolution
		SolutionGuid = {DE3D2A6F-0680-441D-8540-027256AC80B9}
	EndGlobalSection
EndGlobal
